// !$*UTF8*$!
{
	archiveVersion = 1;
	classes = {
	};
	objectVersion = 46;
	objects = {

/* Begin PBXBuildFile section */
		0F59E1031D81929600AEED7E /* AppDelegate.swift in Sources */ = {isa = PBXBuildFile; fileRef = 0F59E1021D81929600AEED7E /* AppDelegate.swift */; };
		0F59E1081D81929600AEED7E /* Main.storyboard in Resources */ = {isa = PBXBuildFile; fileRef = 0F59E1061D81929600AEED7E /* Main.storyboard */; };
		0F59E10A1D81929600AEED7E /* Assets.xcassets in Resources */ = {isa = PBXBuildFile; fileRef = 0F59E1091D81929600AEED7E /* Assets.xcassets */; };
		0F59E10D1D81929600AEED7E /* LaunchScreen.storyboard in Resources */ = {isa = PBXBuildFile; fileRef = 0F59E10B1D81929600AEED7E /* LaunchScreen.storyboard */; };
		0F59E1161D81936200AEED7E /* ImageViewController.swift in Sources */ = {isa = PBXBuildFile; fileRef = 0F59E1151D81936200AEED7E /* ImageViewController.swift */; };
		0F59E1181D81958D00AEED7E /* DemoURL.swift in Sources */ = {isa = PBXBuildFile; fileRef = 0F59E1171D81958D00AEED7E /* DemoURL.swift */; };
		0F59E11A1D829C6A00AEED7E /* CassiniViewController.swift in Sources */ = {isa = PBXBuildFile; fileRef = 0F59E1191D829C6A00AEED7E /* CassiniViewController.swift */; };
/* End PBXBuildFile section */

/* Begin PBXFileReference section */
		0F59E0FF1D81929600AEED7E /* Cassini.app */ = {isa = PBXFileReference; explicitFileType = wrapper.application; includeInIndex = 0; path = Cassini.app; sourceTree = BUILT_PRODUCTS_DIR; };
		0F59E1021D81929600AEED7E /* AppDelegate.swift */ = {isa = PBXFileReference; lastKnownFileType = sourcecode.swift; path = AppDelegate.swift; sourceTree = "<group>"; };
		0F59E1071D81929600AEED7E /* Base */ = {isa = PBXFileReference; lastKnownFileType = file.storyboard; name = Base; path = Base.lproj/Main.storyboard; sourceTree = "<group>"; };
		0F59E1091D81929600AEED7E /* Assets.xcassets */ = {isa = PBXFileReference; lastKnownFileType = folder.assetcatalog; path = Assets.xcassets; sourceTree = "<group>"; };
		0F59E10C1D81929600AEED7E /* Base */ = {isa = PBXFileReference; lastKnownFileType = file.storyboard; name = Base; path = Base.lproj/LaunchScreen.storyboard; sourceTree = "<group>"; };
		0F59E10E1D81929600AEED7E /* Info.plist */ = {isa = PBXFileReference; lastKnownFileType = text.plist.xml; path = Info.plist; sourceTree = "<group>"; };
		0F59E1151D81936200AEED7E /* ImageViewController.swift */ = {isa = PBXFileReference; fileEncoding = 4; lastKnownFileType = sourcecode.swift; name = ImageViewController.swift; path = ../ImageViewController.swift; sourceTree = "<group>"; };
		0F59E1171D81958D00AEED7E /* DemoURL.swift */ = {isa = PBXFileReference; fileEncoding = 4; lastKnownFileType = sourcecode.swift; path = DemoURL.swift; sourceTree = "<group>"; };
		0F59E1191D829C6A00AEED7E /* CassiniViewController.swift */ = {isa = PBXFileReference; fileEncoding = 4; lastKnownFileType = sourcecode.swift; path = CassiniViewController.swift; sourceTree = "<group>"; };
/* End PBXFileReference section */

/* Begin PBXFrameworksBuildPhase section */
		0F59E0FC1D81929600AEED7E /* Frameworks */ = {
			isa = PBXFrameworksBuildPhase;
			buildActionMask = 2147483647;
			files = (
			);
			runOnlyForDeploymentPostprocessing = 0;
		};
/* End PBXFrameworksBuildPhase section */

/* Begin PBXGroup section */
		0F59E0F61D81929600AEED7E = {
			isa = PBXGroup;
			children = (
				0F59E1011D81929600AEED7E /* Cassini */,
			);
			sourceTree = "<group>";
		};
		0F59E1001D81929600AEED7E /* Products */ = {
			isa = PBXGroup;
			children = (
				0F59E0FF1D81929600AEED7E /* Cassini.app */,
			);
			name = Products;
			path = ..;
			sourceTree = "<group>";
		};
		0F59E1011D81929600AEED7E /* Cassini */ = {
			isa = PBXGroup;
			children = (
				0F59E1151D81936200AEED7E /* ImageViewController.swift */,
				0F59E1191D829C6A00AEED7E /* CassiniViewController.swift */,
				0F59E1061D81929600AEED7E /* Main.storyboard */,
				0F59E10E1D81929600AEED7E /* Info.plist */,
				0F59E1171D81958D00AEED7E /* DemoURL.swift */,
				0F59E1141D8192D000AEED7E /* Supporting files */,
			);
			path = Cassini;
			sourceTree = "<group>";
		};
		0F59E1141D8192D000AEED7E /* Supporting files */ = {
			isa = PBXGroup;
			children = (
				0F59E1001D81929600AEED7E /* Products */,
				0F59E1021D81929600AEED7E /* AppDelegate.swift */,
				0F59E1091D81929600AEED7E /* Assets.xcassets */,
				0F59E10B1D81929600AEED7E /* LaunchScreen.storyboard */,
			);
			name = "Supporting files";
			sourceTree = "<group>";
		};
/* End PBXGroup section */

/* Begin PBXNativeTarget section */
		0F59E0FE1D81929600AEED7E /* Cassini */ = {
			isa = PBXNativeTarget;
			buildConfigurationList = 0F59E1111D81929600AEED7E /* Build configuration list for PBXNativeTarget "Cassini" */;
			buildPhases = (
				0F59E0FB1D81929600AEED7E /* Sources */,
				0F59E0FC1D81929600AEED7E /* Frameworks */,
				0F59E0FD1D81929600AEED7E /* Resources */,
			);
			buildRules = (
			);
			dependencies = (
			);
			name = Cassini;
			productName = Cassini;
			productReference = 0F59E0FF1D81929600AEED7E /* Cassini.app */;
			productType = "com.apple.product-type.application";
		};
/* End PBXNativeTarget section */

/* Begin PBXProject section */
		0F59E0F71D81929600AEED7E /* Project object */ = {
			isa = PBXProject;
			attributes = {
				LastSwiftUpdateCheck = 0730;
				LastUpgradeCheck = 0730;
				ORGANIZATIONNAME = 11;
				TargetAttributes = {
					0F59E0FE1D81929600AEED7E = {
						CreatedOnToolsVersion = 7.3.1;
						DevelopmentTeam = 27V2EJEP97;
						LastSwiftMigration = 0800;
					};
				};
			};
			buildConfigurationList = 0F59E0FA1D81929600AEED7E /* Build configuration list for PBXProject "Cassini" */;
			compatibilityVersion = "Xcode 3.2";
			developmentRegion = English;
			hasScannedForEncodings = 0;
			knownRegions = (
				en,
				Base,
			);
			mainGroup = 0F59E0F61D81929600AEED7E;
			productRefGroup = 0F59E1001D81929600AEED7E /* Products */;
			projectDirPath = "";
			projectRoot = "";
			targets = (
				0F59E0FE1D81929600AEED7E /* Cassini */,
			);
		};
/* End PBXProject section */

/* Begin PBXResourcesBuildPhase section */
		0F59E0FD1D81929600AEED7E /* Resources */ = {
			isa = PBXResourcesBuildPhase;
			buildActionMask = 2147483647;
			files = (
				0F59E10D1D81929600AEED7E /* LaunchScreen.storyboard in Resources */,
				0F59E10A1D81929600AEED7E /* Assets.xcassets in Resources */,
				0F59E1081D81929600AEED7E /* Main.storyboard in Resources */,
			);
			runOnlyForDeploymentPostprocessing = 0;
		};
/* End PBXResourcesBuildPhase section */

/* Begin PBXSourcesBuildPhase section */
		0F59E0FB1D81929600AEED7E /* Sources */ = {
			isa = PBXSourcesBuildPhase;
			buildActionMask = 2147483647;
			files = (
				0F59E1161D81936200AEED7E /* ImageViewController.swift in Sources */,
				0F59E1031D81929600AEED7E /* AppDelegate.swift in Sources */,
				0F59E1181D81958D00AEED7E /* DemoURL.swift in Sources */,
				0F59E11A1D829C6A00AEED7E /* CassiniViewController.swift in Sources */,
			);
			runOnlyForDeploymentPostprocessing = 0;
		};
/* End PBXSourcesBuildPhase section */

/* Begin PBXVariantGroup section */
		0F59E1061D81929600AEED7E /* Main.storyboard */ = {
			isa = PBXVariantGroup;
			children = (
				0F59E1071D81929600AEED7E /* Base */,
			);
			name = Main.storyboard;
			sourceTree = "<group>";
		};
		0F59E10B1D81929600AEED7E /* LaunchScreen.storyboard */ = {
			isa = PBXVariantGroup;
			children = (
				0F59E10C1D81929600AEED7E /* Base */,
			);
			name = LaunchScreen.storyboard;
			sourceTree = "<group>";
		};
/* End PBXVariantGroup section */

/* Begin XCBuildConfiguration section */
		0F59E10F1D81929600AEED7E /* Debug */ = {
			isa = XCBuildConfiguration;
			buildSettings = {
				ALWAYS_SEARCH_USER_PATHS = NO;
				CLANG_ANALYZER_NONNULL = YES;
				CLANG_CXX_LANGUAGE_STANDARD = "gnu++0x";
				CLANG_CXX_LIBRARY = "libc++";
				CLANG_ENABLE_MODULES = YES;
				CLANG_ENABLE_OBJC_ARC = YES;
				CLANG_WARN_BOOL_CONVERSION = YES;
				CLANG_WARN_CONSTANT_CONVERSION = YES;
				CLANG_WARN_DIRECT_OBJC_ISA_USAGE = YES_ERROR;
				CLANG_WARN_EMPTY_BODY = YES;
				CLANG_WARN_ENUM_CONVERSION = YES;
				CLANG_WARN_INT_CONVERSION = YES;
				CLANG_WARN_OBJC_ROOT_CLASS = YES_ERROR;
				CLANG_WARN_UNREACHABLE_CODE = YES;
				CLANG_WARN__DUPLICATE_METHOD_MATCH = YES;
				"CODE_SIGN_IDENTITY[sdk=iphoneos*]" = "iPhone Developer";
				COPY_PHASE_STRIP = NO;
				DEBUG_INFORMATION_FORMAT = dwarf;
				ENABLE_STRICT_OBJC_MSGSEND = YES;
				ENABLE_TESTABILITY = YES;
				GCC_C_LANGUAGE_STANDARD = gnu99;
				GCC_DYNAMIC_NO_PIC = NO;
				GCC_NO_COMMON_BLOCKS = YES;
				GCC_OPTIMIZATION_LEVEL = 0;
				GCC_PREPROCESSOR_DEFINITIONS = (
					"DEBUG=1",
					"$(inherited)",
				);
				GCC_WARN_64_TO_32_BIT_CONVERSION = YES;
				GCC_WARN_ABOUT_RETURN_TYPE = YES_ERROR;
				GCC_WARN_UNDECLARED_SELECTOR = YES;
				GCC_WARN_UNINITIALIZED_AUTOS = YES_AGGRESSIVE;
				GCC_WARN_UNUSED_FUNCTION = YES;
				GCC_WARN_UNUSED_VARIABLE = YES;
				IPHONEOS_DEPLOYMENT_TARGET = 9.3;
				MTL_ENABLE_DEBUG_INFO = YES;
				ONLY_ACTIVE_ARCH = YES;
				SDKROOT = iphoneos;
				SWIFT_OPTIMIZATION_LEVEL = "-Onone";
				TARGETED_DEVICE_FAMILY = "1,2";
			};
			name = Debug;
		};
		0F59E1101D81929600AEED7E /* Release */ = {
			isa = XCBuildConfiguration;
			buildSettings = {
				ALWAYS_SEARCH_USER_PATHS = NO;
				CLANG_ANALYZER_NONNULL = YES;
				CLANG_CXX_LANGUAGE_STANDARD = "gnu++0x";
				CLANG_CXX_LIBRARY = "libc++";
				CLANG_ENABLE_MODULES = YES;
				CLANG_ENABLE_OBJC_ARC = YES;
				CLANG_WARN_BOOL_CONVERSION = YES;
				CLANG_WARN_CONSTANT_CONVERSION = YES;
				CLANG_WARN_DIRECT_OBJC_ISA_USAGE = YES_ERROR;
				CLANG_WARN_EMPTY_BODY = YES;
				CLANG_WARN_ENUM_CONVERSION = YES;
				CLANG_WARN_INT_CONVERSION = YES;
				CLANG_WARN_OBJC_ROOT_CLASS = YES_ERROR;
				CLANG_WARN_UNREACHABLE_CODE = YES;
				CLANG_WARN__DUPLICATE_METHOD_MATCH = YES;
				"CODE_SIGN_IDENTITY[sdk=iphoneos*]" = "iPhone Developer";
				COPY_PHASE_STRIP = NO;
				DEBUG_INFORMATION_FORMAT = "dwarf-with-dsym";
				ENABLE_NS_ASSERTIONS = NO;
				ENABLE_STRICT_OBJC_MSGSEND = YES;
				GCC_C_LANGUAGE_STANDARD = gnu99;
				GCC_NO_COMMON_BLOCKS = YES;
				GCC_WARN_64_TO_32_BIT_CONVERSION = YES;
				GCC_WARN_ABOUT_RETURN_TYPE = YES_ERROR;
				GCC_WARN_UNDECLARED_SELECTOR = YES;
				GCC_WARN_UNINITIALIZED_AUTOS = YES_AGGRESSIVE;
				GCC_WARN_UNUSED_FUNCTION = YES;
				GCC_WARN_UNUSED_VARIABLE = YES;
				IPHONEOS_DEPLOYMENT_TARGET = 9.3;
				MTL_ENABLE_DEBUG_INFO = NO;
				SDKROOT = iphoneos;
				TARGETED_DEVICE_FAMILY = "1,2";
				VALIDATE_PRODUCT = YES;
			};
			name = Release;
		};
		0F59E1121D81929600AEED7E /* Debug */ = {
			isa = XCBuildConfiguration;
			buildSettings = {
				ASSETCATALOG_COMPILER_APPICON_NAME = AppIcon;
				CODE_SIGN_IDENTITY = "iPhone Developer";
				"CODE_SIGN_IDENTITY[sdk=iphoneos*]" = "iPhone Developer";
				INFOPLIST_FILE = Cassini/Info.plist;
				LD_RUNPATH_SEARCH_PATHS = "$(inherited) @executable_path/Frameworks";
				PRODUCT_BUNDLE_IDENTIFIER = NewOrg.Cassini;
				PRODUCT_NAME = "$(TARGET_NAME)";
				PROVISIONING_PROFILE = "";
				SWIFT_VERSION = 3.0;
			};
			name = Debug;
		};
		0F59E1131D81929600AEED7E /* Release */ = {
			isa = XCBuildConfiguration;
			buildSettings = {
				ASSETCATALOG_COMPILER_APPICON_NAME = AppIcon;
				CODE_SIGN_IDENTITY = "iPhone Developer";
				"CODE_SIGN_IDENTITY[sdk=iphoneos*]" = "iPhone Developer";
				INFOPLIST_FILE = Cassini/Info.plist;
				LD_RUNPATH_SEARCH_PATHS = "$(inherited) @executable_path/Frameworks";
				PRODUCT_BUNDLE_IDENTIFIER = NewOrg.Cassini;
				PRODUCT_NAME = "$(TARGET_NAME)";
				PROVISIONING_PROFILE = "";
				SWIFT_VERSION = 3.0;
			};
			name = Release;
		};
/* End XCBuildConfiguration section */

/* Begin XCConfigurationList section */
		0F59E0FA1D81929600AEED7E /* Build configuration list for PBXProject "Cassini" */ = {
			isa = XCConfigurationList;
			buildConfigurations = (
				0F59E10F1D81929600AEED7E /* Debug */,
				0F59E1101D81929600AEED7E /* Release */,
			);
			defaultConfigurationIsVisible = 0;
			defaultConfigurationName = Release;
		};
		0F59E1111D81929600AEED7E /* Build configuration list for PBXNativeTarget "Cassini" */ = {
			isa = XCConfigurationList;
			buildConfigurations = (
				0F59E1121D81929600AEED7E /* Debug */,
				0F59E1131D81929600AEED7E /* Release */,
			);
			defaultConfigurationIsVisible = 0;
			defaultConfigurationName = Release;
		};
/* End XCConfigurationList section */
	};
	rootObject = 0F59E0F71D81929600AEED7E /* Project object */;
}
